
Microsoft Visual Studio Solution File, Format Version 12.00
Project("{FAE04EC0-301F-11D3-BF4B-00C04F79EFBC}") = "Apps.Pinecone", "Apps.Pinecone\Apps.Pinecone.csproj", "{D758D26D-DF81-49D6-9F7F-019169DDDFAF}"
EndProject
Global
	GlobalSection(SolutionConfigurationPlatforms) = preSolution
		Debug|Any CPU = Debug|Any CPU
		Release|Any CPU = Release|Any CPU
	EndGlobalSection
	GlobalSection(ProjectConfigurationPlatforms) = postSolution
		{D758D26D-DF81-49D6-9F7F-019169DDDFAF}.Debug|Any CPU.ActiveCfg = Debug|Any CPU
		{D758D26D-DF81-49D6-9F7F-019169DDDFAF}.Debug|Any CPU.Build.0 = Debug|Any CPU
		{D758D26D-DF81-49D6-9F7F-019169DDDFAF}.Release|Any CPU.ActiveCfg = Release|Any CPU
		{D758D26D-DF81-49D6-9F7F-019169DDDFAF}.Release|Any CPU.Build.0 = Release|Any CPU
	EndGlobalSection
EndGlobal
